Microsoft Visual Studio Solution File, Format Version 12.00
# Visual Studio Version 17
VisualStudioVersion = 17.5.2.0
MinimumVisualStudioVersion = 10.0.40219.1
Project("{FAE04EC0-301F-11D3-BF4B-00C04F79EFBC}") = "ThriveKid.API", "ThriveKid.API.csproj", "{F57805EF-55F8-7340-B528-D7EFF3EA5179}"
EndProject
Global
	GlobalSection(SolutionConfigurationPlatforms) = preSolution
		Debug|Any CPU = Debug|Any CPU
		Release|Any CPU = Release|Any CPU
	EndGlobalSection
	GlobalSection(ProjectConfigurationPlatforms) = postSolution
		{F57805EF-55F8-7340-B528-D7EFF3EA5179}.Debug|Any CPU.ActiveCfg = Debug|Any CPU
		{F57805EF-55F8-7340-B528-D7EFF3EA5179}.Debug|Any CPU.Build.0 = Debug|Any CPU
		{F57805EF-55F8-7340-B528-D7EFF3EA5179}.Release|Any CPU.ActiveCfg = Release|Any CPU
		{F57805EF-55F8-7340-B528-D7EFF3EA5179}.Release|Any CPU.Build.0 = Release|Any CPU
	EndGlobalSection
	GlobalSection(SolutionProperties) = preSolution
		HideSolutionNode = FALSE
	EndGlobalSection
	GlobalSection(ExtensibilityGlobals) = postSolution
		SolutionGuid = {51078937-1AC8-4CD0-8AD0-3D644B414F0E}
	EndGlobalSection
EndGlobal
